
Microsoft Visual Studio Solution File, Format Version 12.00
# Visual Studio Version 17
VisualStudioVersion = 17.5.33516.290
MinimumVisualStudioVersion = 10.0.40219.1
Project("{8BC9CEB8-8B4A-11D0-8D11-00A0C91BC942}") = "baitap1", "baitap1\baitap1.vcxproj", "{4256EA00-E711-4356-A056-1557782BE1FA}"
EndProject
Project("{8BC9CEB8-8B4A-11D0-8D11-00A0C91BC942}") = "baitap2", "baitap2\baitap2.vcxproj", "{3104560E-1131-40CE-8904-47407DA1C0CB}"
EndProject
Project("{8BC9CEB8-8B4A-11D0-8D11-00A0C91BC942}") = "queue_", "queue_\queue_.vcxproj", "{2819A925-65FE-4A5F-90C1-E7AA35B5C3DD}"
EndProject
Global
	GlobalSection(SolutionConfigurationPlatforms) = preSolution
		Debug|x64 = Debug|x64
		Debug|x86 = Debug|x86
		Release|x64 = Release|x64
		Release|x86 = Release|x86
	EndGlobalSection
	GlobalSection(ProjectConfigurationPlatforms) = postSolution
		{4256EA00-E711-4356-A056-1557782BE1FA}.Debug|x64.ActiveCfg = Debug|x64
		{4256EA00-E711-4356-A056-1557782BE1FA}.Debug|x64.Build.0 = Debug|x64
		{4256EA00-E711-4356-A056-1557782BE1FA}.Debug|x86.ActiveCfg = Debug|Win32
		{4256EA00-E711-4356-A056-1557782BE1FA}.Debug|x86.Build.0 = Debug|Win32
		{4256EA00-E711-4356-A056-1557782BE1FA}.Release|x64.ActiveCfg = Release|x64
		{4256EA00-E711-4356-A056-1557782BE1FA}.Release|x64.Build.0 = Release|x64
		{4256EA00-E711-4356-A056-1557782BE1FA}.Release|x86.ActiveCfg = Release|Win32
		{4256EA00-E711-4356-A056-1557782BE1FA}.Release|x86.Build.0 = Release|Win32
		{3104560E-1131-40CE-8904-47407DA1C0CB}.Debug|x64.ActiveCfg = Debug|x64
		{3104560E-1131-40CE-8904-47407DA1C0CB}.Debug|x64.Build.0 = Debug|x64
		{3104560E-1131-40CE-8904-47407DA1C0CB}.Debug|x86.ActiveCfg = Debug|Win32
		{3104560E-1131-40CE-8904-47407DA1C0CB}.Debug|x86.Build.0 = Debug|Win32
		{3104560E-1131-40CE-8904-47407DA1C0CB}.Release|x64.ActiveCfg = Release|x64
		{3104560E-1131-40CE-8904-47407DA1C0CB}.Release|x64.Build.0 = Release|x64
		{3104560E-1131-40CE-8904-47407DA1C0CB}.Release|x86.ActiveCfg = Release|Win32
		{3104560E-1131-40CE-8904-47407DA1C0CB}.Release|x86.Build.0 = Release|Win32
		{2819A925-65FE-4A5F-90C1-E7AA35B5C3DD}.Debug|x64.ActiveCfg = Debug|x64
		{2819A925-65FE-4A5F-90C1-E7AA35B5C3DD}.Debug|x64.Build.0 = Debug|x64
		{2819A925-65FE-4A5F-90C1-E7AA35B5C3DD}.Debug|x86.ActiveCfg = Debug|Win32
		{2819A925-65FE-4A5F-90C1-E7AA35B5C3DD}.Debug|x86.Build.0 = Debug|Win32
		{2819A925-65FE-4A5F-90C1-E7AA35B5C3DD}.Release|x64.ActiveCfg = Release|x64
		{2819A925-65FE-4A5F-90C1-E7AA35B5C3DD}.Release|x64.Build.0 = Release|x64
		{2819A925-65FE-4A5F-90C1-E7AA35B5C3DD}.Release|x86.ActiveCfg = Release|Win32
		{2819A925-65FE-4A5F-90C1-E7AA35B5C3DD}.Release|x86.Build.0 = Release|Win32
	EndGlobalSection
	GlobalSection(SolutionProperties) = preSolution
		HideSolutionNode = FALSE
	EndGlobalSection
	GlobalSection(ExtensibilityGlobals) = postSolution
		SolutionGuid = {9927CC91-C3C0-4E02-841D-9048683E0AD7}
	EndGlobalSection
EndGlobal
